
Microsoft Visual Studio Solution File, Format Version 12.00
# Visual Studio Version 16
VisualStudioVersion = 16.0.31205.134
MinimumVisualStudioVersion = 10.0.40219.1
Project("{9A19103F-16F7-4668-BE54-9A1E7A4F7556}") = "ComunaHealth", "ComunaHealth.csproj", "{E6DE3286-6B52-49BA-A6DE-3AD8B9BD1110}"
EndProject
Global
	GlobalSection(SolutionConfigurationPlatforms) = preSolution
		Debug|Any CPU = Debug|Any CPU
		Release|Any CPU = Release|Any CPU
	EndGlobalSection
	GlobalSection(ProjectConfigurationPlatforms) = postSolution
		{E6DE3286-6B52-49BA-A6DE-3AD8B9BD1110}.Debug|Any CPU.ActiveCfg = Debug|Any CPU
		{E6DE3286-6B52-49BA-A6DE-3AD8B9BD1110}.Debug|Any CPU.Build.0 = Debug|Any CPU
		{E6DE3286-6B52-49BA-A6DE-3AD8B9BD1110}.Release|Any CPU.ActiveCfg = Release|Any CPU
		{E6DE3286-6B52-49BA-A6DE-3AD8B9BD1110}.Release|Any CPU.Build.0 = Release|Any CPU
	EndGlobalSection
	GlobalSection(SolutionProperties) = preSolution
		HideSolutionNode = FALSE
	EndGlobalSection
	GlobalSection(ExtensibilityGlobals) = postSolution
		SolutionGuid = {5F6F3F74-00C8-4C7C-BB5F-CA72FC3879F5}
	EndGlobalSection
EndGlobal
